
Microsoft Visual Studio Solution File, Format Version 12.00
# Visual Studio Version 16
VisualStudioVersion = 16.0.35931.194
MinimumVisualStudioVersion = 10.0.40219.1
Project("{FAE04EC0-301F-11D3-BF4B-00C04F79EFBC}") = "DateSample", "DateSample\DateSample.csproj", "{7824A385-198F-49B0-AFEF-627D71B300EC}"
EndProject
Global
	GlobalSection(SolutionConfigurationPlatforms) = preSolution
		Debug|Any CPU = Debug|Any CPU
		Release|Any CPU = Release|Any CPU
	EndGlobalSection
	GlobalSection(ProjectConfigurationPlatforms) = postSolution
		{7824A385-198F-49B0-AFEF-627D71B300EC}.Debug|Any CPU.ActiveCfg = Debug|Any CPU
		{7824A385-198F-49B0-AFEF-627D71B300EC}.Debug|Any CPU.Build.0 = Debug|Any CPU
		{7824A385-198F-49B0-AFEF-627D71B300EC}.Release|Any CPU.ActiveCfg = Release|Any CPU
		{7824A385-198F-49B0-AFEF-627D71B300EC}.Release|Any CPU.Build.0 = Release|Any CPU
	EndGlobalSection
	GlobalSection(SolutionProperties) = preSolution
		HideSolutionNode = FALSE
	EndGlobalSection
	GlobalSection(ExtensibilityGlobals) = postSolution
		SolutionGuid = {B5C453E4-FEAC-413B-BE2B-7BF9CCB1839F}
	EndGlobalSection
EndGlobal
